
Microsoft Visual Studio Solution File, Format Version 12.00
# Visual Studio Version 17
VisualStudioVersion = 17.0.31919.166
MinimumVisualStudioVersion = 10.0.40219.1
Project("{9A19103F-16F7-4668-BE54-9A1E7A4F7556}") = "PruebaIndra", "PruebaIndra.csproj", "{AEA642E3-975D-4CD6-BD6F-6FAC533F270B}"
EndProject
Project("{2150E333-8FDC-42A3-9474-1A3956D46DE8}") = "Solution Items", "Solution Items", "{2892FBDA-E356-4921-9638-419AAF0E60E5}"
	ProjectSection(SolutionItems) = preProject
		.editorconfig = .editorconfig
	EndProjectSection
EndProject
Global
	GlobalSection(SolutionConfigurationPlatforms) = preSolution
		Debug|Any CPU = Debug|Any CPU
		Release|Any CPU = Release|Any CPU
	EndGlobalSection
	GlobalSection(ProjectConfigurationPlatforms) = postSolution
		{AEA642E3-975D-4CD6-BD6F-6FAC533F270B}.Debug|Any CPU.ActiveCfg = Debug|Any CPU
		{AEA642E3-975D-4CD6-BD6F-6FAC533F270B}.Debug|Any CPU.Build.0 = Debug|Any CPU
		{AEA642E3-975D-4CD6-BD6F-6FAC533F270B}.Release|Any CPU.ActiveCfg = Release|Any CPU
		{AEA642E3-975D-4CD6-BD6F-6FAC533F270B}.Release|Any CPU.Build.0 = Release|Any CPU
	EndGlobalSection
	GlobalSection(SolutionProperties) = preSolution
		HideSolutionNode = FALSE
	EndGlobalSection
	GlobalSection(ExtensibilityGlobals) = postSolution
		SolutionGuid = {C758EFAE-EA7A-4DF7-9771-74B44470FE56}
	EndGlobalSection
EndGlobal
